
Microsoft Visual Studio Solution File, Format Version 12.00
Project("{FAE04EC0-301F-11D3-BF4B-00C04F79EFBC}") = "BlazorJavascriptIsolationExtensions", "src\BlazorJavascriptIsolationExtensions\BlazorJavascriptIsolationExtensions.csproj", "{B39158A4-7E22-4288-8F6A-EAEB2F756242}"
EndProject
Project("{FAE04EC0-301F-11D3-BF4B-00C04F79EFBC}") = "BlazorJavascriptIsolationExtensions.Tests", "src\BlazorJavascriptIsolationExtensions.Tests\BlazorJavascriptIsolationExtensions.Tests.csproj", "{3C5914CC-0D07-4938-B1FB-55C588A7931B}"
EndProject
Project("{2150E333-8FDC-42A3-9474-1A3956D46DE8}") = "Samples", "Samples", "{AC16523B-35DF-406D-959A-DF570B17C97A}"
EndProject
Project("{FAE04EC0-301F-11D3-BF4B-00C04F79EFBC}") = "SampleAppWasm", "samples\SampleAppWasm\SampleAppWasm.csproj", "{EE925AEB-9F9B-44CB-9EEB-C726EC2271FF}"
EndProject
Project("{FAE04EC0-301F-11D3-BF4B-00C04F79EFBC}") = "SampleAppServer", "samples\SampleAppServer\SampleAppServer.csproj", "{444DE2CD-3CCA-497F-A401-056D9B05A7F2}"
EndProject
Project("{FAE04EC0-301F-11D3-BF4B-00C04F79EFBC}") = "SampleSharedLib", "samples\SampleSharedLib\SampleSharedLib.csproj", "{1659794B-E2FD-43CA-8CED-37FA3B119648}"
EndProject
Global
	GlobalSection(SolutionConfigurationPlatforms) = preSolution
		Debug|Any CPU = Debug|Any CPU
		Release|Any CPU = Release|Any CPU
	EndGlobalSection
	GlobalSection(ProjectConfigurationPlatforms) = postSolution
		{B39158A4-7E22-4288-8F6A-EAEB2F756242}.Debug|Any CPU.ActiveCfg = Debug|Any CPU
		{B39158A4-7E22-4288-8F6A-EAEB2F756242}.Debug|Any CPU.Build.0 = Debug|Any CPU
		{B39158A4-7E22-4288-8F6A-EAEB2F756242}.Release|Any CPU.ActiveCfg = Release|Any CPU
		{B39158A4-7E22-4288-8F6A-EAEB2F756242}.Release|Any CPU.Build.0 = Release|Any CPU
		{3C5914CC-0D07-4938-B1FB-55C588A7931B}.Debug|Any CPU.ActiveCfg = Debug|Any CPU
		{3C5914CC-0D07-4938-B1FB-55C588A7931B}.Debug|Any CPU.Build.0 = Debug|Any CPU
		{3C5914CC-0D07-4938-B1FB-55C588A7931B}.Release|Any CPU.ActiveCfg = Release|Any CPU
		{3C5914CC-0D07-4938-B1FB-55C588A7931B}.Release|Any CPU.Build.0 = Release|Any CPU
		{EE925AEB-9F9B-44CB-9EEB-C726EC2271FF}.Debug|Any CPU.ActiveCfg = Debug|Any CPU
		{EE925AEB-9F9B-44CB-9EEB-C726EC2271FF}.Debug|Any CPU.Build.0 = Debug|Any CPU
		{EE925AEB-9F9B-44CB-9EEB-C726EC2271FF}.Release|Any CPU.ActiveCfg = Release|Any CPU
		{EE925AEB-9F9B-44CB-9EEB-C726EC2271FF}.Release|Any CPU.Build.0 = Release|Any CPU
		{444DE2CD-3CCA-497F-A401-056D9B05A7F2}.Debug|Any CPU.ActiveCfg = Debug|Any CPU
		{444DE2CD-3CCA-497F-A401-056D9B05A7F2}.Debug|Any CPU.Build.0 = Debug|Any CPU
		{444DE2CD-3CCA-497F-A401-056D9B05A7F2}.Release|Any CPU.ActiveCfg = Release|Any CPU
		{444DE2CD-3CCA-497F-A401-056D9B05A7F2}.Release|Any CPU.Build.0 = Release|Any CPU
		{1659794B-E2FD-43CA-8CED-37FA3B119648}.Debug|Any CPU.ActiveCfg = Debug|Any CPU
		{1659794B-E2FD-43CA-8CED-37FA3B119648}.Debug|Any CPU.Build.0 = Debug|Any CPU
		{1659794B-E2FD-43CA-8CED-37FA3B119648}.Release|Any CPU.ActiveCfg = Release|Any CPU
		{1659794B-E2FD-43CA-8CED-37FA3B119648}.Release|Any CPU.Build.0 = Release|Any CPU
	EndGlobalSection
	GlobalSection(NestedProjects) = preSolution
		{EE925AEB-9F9B-44CB-9EEB-C726EC2271FF} = {AC16523B-35DF-406D-959A-DF570B17C97A}
		{444DE2CD-3CCA-497F-A401-056D9B05A7F2} = {AC16523B-35DF-406D-959A-DF570B17C97A}
		{1659794B-E2FD-43CA-8CED-37FA3B119648} = {AC16523B-35DF-406D-959A-DF570B17C97A}
	EndGlobalSection
EndGlobal
